
Microsoft Visual Studio Solution File, Format Version 12.00
# Visual Studio Version 16
VisualStudioVersion = 16.0.30225.117
MinimumVisualStudioVersion = 10.0.40219.1
Project("{9A19103F-16F7-4668-BE54-9A1E7A4F7556}") = "LeetCode", "LeetCode\LeetCode.csproj", "{2F6424A5-A186-4B75-AA90-DB8F97963765}"
EndProject
Global
	GlobalSection(SolutionConfigurationPlatforms) = preSolution
		Debug|Any CPU = Debug|Any CPU
		Release|Any CPU = Release|Any CPU
	EndGlobalSection
	GlobalSection(ProjectConfigurationPlatforms) = postSolution
		{2F6424A5-A186-4B75-AA90-DB8F97963765}.Debug|Any CPU.ActiveCfg = Debug|Any CPU
		{2F6424A5-A186-4B75-AA90-DB8F97963765}.Debug|Any CPU.Build.0 = Debug|Any CPU
		{2F6424A5-A186-4B75-AA90-DB8F97963765}.Release|Any CPU.ActiveCfg = Release|Any CPU
		{2F6424A5-A186-4B75-AA90-DB8F97963765}.Release|Any CPU.Build.0 = Release|Any CPU
	EndGlobalSection
	GlobalSection(SolutionProperties) = preSolution
		HideSolutionNode = FALSE
	EndGlobalSection
	GlobalSection(ExtensibilityGlobals) = postSolution
		SolutionGuid = {F97F32C9-8F12-4566-B467-B73C81CA3A2E}
	EndGlobalSection
EndGlobal
