
Microsoft Visual Studio Solution File, Format Version 12.00
# Visual Studio Version 16
VisualStudioVersion = 16.0.30225.117
MinimumVisualStudioVersion = 10.0.40219.1
Project("{9A19103F-16F7-4668-BE54-9A1E7A4F7556}") = "Problems", "Problems\Problems.csproj", "{6B0C287E-055E-460D-B9CE-C6851870192A}"
EndProject
Project("{FAE04EC0-301F-11D3-BF4B-00C04F79EFBC}") = "Easy", "Easy\Easy.csproj", "{581336B3-F54A-4F71-A56E-6984A59755FF}"
EndProject
Project("{FAE04EC0-301F-11D3-BF4B-00C04F79EFBC}") = "Medium", "Medium\Medium.csproj", "{8ECA47F4-4B61-43C9-B878-7B4D52C12CD3}"
EndProject
Project("{FAE04EC0-301F-11D3-BF4B-00C04F79EFBC}") = "Hard", "Hard\Hard.csproj", "{BE5E56FC-1841-410A-A519-99686D7CF7BF}"
EndProject
Global
	GlobalSection(SolutionConfigurationPlatforms) = preSolution
		Debug|Any CPU = Debug|Any CPU
		Release|Any CPU = Release|Any CPU
	EndGlobalSection
	GlobalSection(ProjectConfigurationPlatforms) = postSolution
		{6B0C287E-055E-460D-B9CE-C6851870192A}.Debug|Any CPU.ActiveCfg = Debug|Any CPU
		{6B0C287E-055E-460D-B9CE-C6851870192A}.Debug|Any CPU.Build.0 = Debug|Any CPU
		{6B0C287E-055E-460D-B9CE-C6851870192A}.Release|Any CPU.ActiveCfg = Release|Any CPU
		{6B0C287E-055E-460D-B9CE-C6851870192A}.Release|Any CPU.Build.0 = Release|Any CPU
		{581336B3-F54A-4F71-A56E-6984A59755FF}.Debug|Any CPU.ActiveCfg = Debug|Any CPU
		{581336B3-F54A-4F71-A56E-6984A59755FF}.Debug|Any CPU.Build.0 = Debug|Any CPU
		{581336B3-F54A-4F71-A56E-6984A59755FF}.Release|Any CPU.ActiveCfg = Release|Any CPU
		{581336B3-F54A-4F71-A56E-6984A59755FF}.Release|Any CPU.Build.0 = Release|Any CPU
		{8ECA47F4-4B61-43C9-B878-7B4D52C12CD3}.Debug|Any CPU.ActiveCfg = Debug|Any CPU
		{8ECA47F4-4B61-43C9-B878-7B4D52C12CD3}.Debug|Any CPU.Build.0 = Debug|Any CPU
		{8ECA47F4-4B61-43C9-B878-7B4D52C12CD3}.Release|Any CPU.ActiveCfg = Release|Any CPU
		{8ECA47F4-4B61-43C9-B878-7B4D52C12CD3}.Release|Any CPU.Build.0 = Release|Any CPU
		{BE5E56FC-1841-410A-A519-99686D7CF7BF}.Debug|Any CPU.ActiveCfg = Debug|Any CPU
		{BE5E56FC-1841-410A-A519-99686D7CF7BF}.Debug|Any CPU.Build.0 = Debug|Any CPU
		{BE5E56FC-1841-410A-A519-99686D7CF7BF}.Release|Any CPU.ActiveCfg = Release|Any CPU
		{BE5E56FC-1841-410A-A519-99686D7CF7BF}.Release|Any CPU.Build.0 = Release|Any CPU
	EndGlobalSection
	GlobalSection(SolutionProperties) = preSolution
		HideSolutionNode = FALSE
	EndGlobalSection
	GlobalSection(ExtensibilityGlobals) = postSolution
		SolutionGuid = {F97F32C9-8F12-4566-B467-B73C81CA3A2E}
	EndGlobalSection
EndGlobal
